<?xml version="1.0" encoding="UTF-8" standalone="yes" ?>
<CodeBlocks_project_file>
	<FileVersion major="1" minor="6" />
	<Project>
		<Option title="WWI_sim_SDL" />
		<Option pch_mode="2" />
		<Option compiler="gcc" />
		<Build>
			<Target title="Debug">
				<Option output="bin/Debug/WWI_sim_SDL" prefix_auto="1" extension_auto="1" />
				<Option object_output="obj/Debug/" />
				<Option type="1" />
				<Option compiler="gcc" />
				<Compiler>
					<Add option="-g" />
					<Add directory="units" />
					<Add directory="SDL" />
					<Add directory="maths" />
					<Add directory="map" />
					<Add directory="controls" />
				</Compiler>
			</Target>
			<Target title="Release">
				<Option output="bin/Release/WWI_sim_SDL" prefix_auto="1" extension_auto="1" />
				<Option object_output="obj/Release/" />
				<Option type="0" />
				<Option compiler="gcc" />
				<Compiler>
					<Add option="-O2" />
				</Compiler>
				<Linker>
					<Add option="-s" />
				</Linker>
			</Target>
		</Build>
		<Compiler>
			<Add option="-Wall" />
			<Add option="`sdl-config --cflags`" />
		</Compiler>
		<Linker>
			<Add option="-lSDL2 -lSDL2_image -lSDL2_ttf" />
		</Linker>
		<Unit filename="SDL/SDL_control.cpp" />
		<Unit filename="SDL/hexclip.cpp" />
		<Unit filename="SDL/hexclip.h" />
		<Unit filename="SDL/hexspritelist.cpp" />
		<Unit filename="SDL/hexspritelist.h" />
		<Unit filename="SDL/screen.cpp" />
		<Unit filename="SDL/screen.h" />
		<Unit filename="SDL/spriteSheet.cpp" />
		<Unit filename="SDL/spriteSheet.h" />
		<Unit filename="SDL/textsprite.cpp" />
		<Unit filename="SDL/textsprite.h" />
		<Unit filename="controls/keyboard.cpp" />
		<Unit filename="controls/keyboard.h" />
		<Unit filename="main.cpp" />
		<Unit filename="map/map.cpp" />
		<Unit filename="map/map.h" />
		<Unit filename="map/maphex.cpp" />
		<Unit filename="map/maphex.h" />
		<Unit filename="maths/hex.cpp" />
		<Unit filename="maths/hex.h" />
		<Unit filename="maths/hexvec.cpp" />
		<Unit filename="maths/hexvec.h" />
		<Unit filename="maths/vec.cpp" />
		<Unit filename="maths/vec.h" />
		<Unit filename="units/unit.cpp" />
		<Unit filename="units/unit.h" />
		<Extensions>
			<code_completion />
			<debugger />
		</Extensions>
	</Project>
</CodeBlocks_project_file>
